schema: '2.0'
stages:
  augment_data:
    cmd: python src/augmentations.py
    deps:
    - path: data/train/images
      hash: md5
      md5: f91bb8be26a8f629eb1908db7e0ccf47.dir
      size: 129430543
      nfiles: 1916
    - path: data/train/labels
      hash: md5
      md5: 920b2e3a5e39687f7f274728402e14d3.dir
      size: 502593
      nfiles: 1916
    - path: src/augmentations.py
      hash: md5
      md5: 0b86576fd04d1a88a245dbecc5f3c1d4
      size: 2398
    outs:
    - path: augmented_data/train/images
      hash: md5
      md5: e10e680cc4b5b9411c771825f1f92e03.dir
      size: 160894397
      nfiles: 1328
    - path: augmented_data/train/labels
      hash: md5
      md5: 6b07d087a21d0aced1674083fbe06a10.dir
      size: 319035
      nfiles: 1328
