schema: '2.0'
stages:
  augment_data:
    cmd: python src/augmentations.py
    deps:
    - path: data/images/train
      hash: md5
      md5: f2d170d97db21768eeb2ae22e5ab4eec.dir
      size: 99652171
      nfiles: 1478
    - path: data/labels/train
      hash: md5
      md5: 307ca8556cf63575ecf0065eb23b519b.dir
      size: 391998
      nfiles: 1478
    - path: src/augmentations.py
      hash: md5
      md5: 51735526d7bb56ee4c38f692410cd5e2
      size: 2398
    outs:
    - path: augmented_data/images/train
      hash: md5
      md5: d971b197b7cbe108312c258b34e72623.dir
      size: 129773571
      nfiles: 1068
    - path: augmented_data/labels/train
      hash: md5
      md5: bdcbd233726d805961983a99743e30ff.dir
      size: 261623
      nfiles: 1068
